
Microsoft Visual Studio Solution File, Format Version 12.00
# Visual Studio Version 16
VisualStudioVersion = 16.0.30204.135
MinimumVisualStudioVersion = 10.0.40219.1
Project("{FAE04EC0-301F-11D3-BF4B-00C04F79EFBC}") = "WPF-calculator", "WPF-calculator.csproj", "{EEE0A2E9-5ED4-430E-A146-256F15E1291A}"
EndProject
Global
	GlobalSection(SolutionConfigurationPlatforms) = preSolution
		Debug|Any CPU = Debug|Any CPU
		Release|Any CPU = Release|Any CPU
	EndGlobalSection
	GlobalSection(ProjectConfigurationPlatforms) = postSolution
		{EEE0A2E9-5ED4-430E-A146-256F15E1291A}.Debug|Any CPU.ActiveCfg = Debug|Any CPU
		{EEE0A2E9-5ED4-430E-A146-256F15E1291A}.Debug|Any CPU.Build.0 = Debug|Any CPU
		{EEE0A2E9-5ED4-430E-A146-256F15E1291A}.Release|Any CPU.ActiveCfg = Release|Any CPU
		{EEE0A2E9-5ED4-430E-A146-256F15E1291A}.Release|Any CPU.Build.0 = Release|Any CPU
	EndGlobalSection
	GlobalSection(SolutionProperties) = preSolution
		HideSolutionNode = FALSE
	EndGlobalSection
	GlobalSection(ExtensibilityGlobals) = postSolution
		SolutionGuid = {89FF0E28-1800-4665-A4C8-1A375C884758}
	EndGlobalSection
EndGlobal
